
Microsoft Visual Studio Solution File, Format Version 11.00
# Visual Studio 2010
Project("{F2A71F9B-5D33-465A-A702-920D77279786}") = "FSharpLanguageExploration", "FSharpLanguageExploration.fsproj", "{327E3F94-CC76-48BE-BF57-60C6BA671C8C}"
EndProject
Global
	GlobalSection(SolutionConfigurationPlatforms) = preSolution
		Debug|Any CPU = Debug|Any CPU
		Release|Any CPU = Release|Any CPU
	EndGlobalSection
	GlobalSection(ProjectConfigurationPlatforms) = postSolution
		{327E3F94-CC76-48BE-BF57-60C6BA671C8C}.Debug|Any CPU.ActiveCfg = Debug|Any CPU
		{327E3F94-CC76-48BE-BF57-60C6BA671C8C}.Debug|Any CPU.Build.0 = Debug|Any CPU
		{327E3F94-CC76-48BE-BF57-60C6BA671C8C}.Release|Any CPU.ActiveCfg = Release|Any CPU
		{327E3F94-CC76-48BE-BF57-60C6BA671C8C}.Release|Any CPU.Build.0 = Release|Any CPU
	EndGlobalSection
	GlobalSection(SolutionProperties) = preSolution
		HideSolutionNode = FALSE
	EndGlobalSection
EndGlobal
